
Microsoft Visual Studio Solution File, Format Version 12.00
# Visual Studio Version 17
VisualStudioVersion = 17.10.35013.160
MinimumVisualStudioVersion = 10.0.40219.1
Project("{FAE04EC0-301F-11D3-BF4B-00C04F79EFBC}") = "ApiFuncional", "ApiFuncional\ApiFuncional.csproj", "{E3382DDA-CB2C-4290-A8AB-0BB17914F0F4}"
EndProject
Global
	GlobalSection(SolutionConfigurationPlatforms) = preSolution
		Debug|Any CPU = Debug|Any CPU
		Release|Any CPU = Release|Any CPU
	EndGlobalSection
	GlobalSection(ProjectConfigurationPlatforms) = postSolution
		{E3382DDA-CB2C-4290-A8AB-0BB17914F0F4}.Debug|Any CPU.ActiveCfg = Debug|Any CPU
		{E3382DDA-CB2C-4290-A8AB-0BB17914F0F4}.Debug|Any CPU.Build.0 = Debug|Any CPU
		{E3382DDA-CB2C-4290-A8AB-0BB17914F0F4}.Release|Any CPU.ActiveCfg = Release|Any CPU
		{E3382DDA-CB2C-4290-A8AB-0BB17914F0F4}.Release|Any CPU.Build.0 = Release|Any CPU
	EndGlobalSection
	GlobalSection(SolutionProperties) = preSolution
		HideSolutionNode = FALSE
	EndGlobalSection
	GlobalSection(ExtensibilityGlobals) = postSolution
		SolutionGuid = {8024FAA6-D770-47E2-AAD2-B22964D7D29D}
	EndGlobalSection
EndGlobal
